
Microsoft Visual Studio Solution File, Format Version 12.00
# Visual Studio 2012
Project("{FAE04EC0-301F-11D3-BF4B-00C04F79EFBC}") = "Library management software", "Library management software\Library management software.csproj", "{D21704D5-54D8-4B44-9ACD-BF70562B6030}"
EndProject
Global
	GlobalSection(SolutionConfigurationPlatforms) = preSolution
		Debug|Any CPU = Debug|Any CPU
		Release|Any CPU = Release|Any CPU
	EndGlobalSection
	GlobalSection(ProjectConfigurationPlatforms) = postSolution
		{D21704D5-54D8-4B44-9ACD-BF70562B6030}.Debug|Any CPU.ActiveCfg = Debug|Any CPU
		{D21704D5-54D8-4B44-9ACD-BF70562B6030}.Debug|Any CPU.Build.0 = Debug|Any CPU
		{D21704D5-54D8-4B44-9ACD-BF70562B6030}.Release|Any CPU.ActiveCfg = Release|Any CPU
		{D21704D5-54D8-4B44-9ACD-BF70562B6030}.Release|Any CPU.Build.0 = Release|Any CPU
	EndGlobalSection
	GlobalSection(SolutionProperties) = preSolution
		HideSolutionNode = FALSE
	EndGlobalSection
EndGlobal
